// !$*UTF8*$!
{
	archiveVersion = 1;
	classes = {
	};
	objectVersion = 56;
	objects = {

/* Begin PBXBuildFile section */
		852F938E2BAA222F006E3CAC /* NetworkService.framework in Frameworks */ = {isa = PBXBuildFile; fileRef = 852F938D2BAA222F006E3CAC /* NetworkService.framework */; };
		852F938F2BAA222F006E3CAC /* NetworkService.framework in Embed Frameworks */ = {isa = PBXBuildFile; fileRef = 852F938D2BAA222F006E3CAC /* NetworkService.framework */; settings = {ATTRIBUTES = (CodeSignOnCopy, RemoveHeadersOnCopy, ); }; };
		852F93922BAA2503006E3CAC /* AnyView.swift in Sources */ = {isa = PBXBuildFile; fileRef = 852F93912BAA2502006E3CAC /* AnyView.swift */; };
		852F93952BAA2515006E3CAC /* Entity.swift in Sources */ = {isa = PBXBuildFile; fileRef = 852F93932BAA2515006E3CAC /* Entity.swift */; };
		852F93962BAA2515006E3CAC /* MovieEntity.swift in Sources */ = {isa = PBXBuildFile; fileRef = 852F93942BAA2515006E3CAC /* MovieEntity.swift */; };
		852F939B2BAA254D006E3CAC /* AnyInteractor.swift in Sources */ = {isa = PBXBuildFile; fileRef = 852F93972BAA254D006E3CAC /* AnyInteractor.swift */; };
		852F939C2BAA254D006E3CAC /* AnyRouter.swift in Sources */ = {isa = PBXBuildFile; fileRef = 852F93982BAA254D006E3CAC /* AnyRouter.swift */; };
		852F939D2BAA254D006E3CAC /* TablePresenter.swift in Sources */ = {isa = PBXBuildFile; fileRef = 852F93992BAA254D006E3CAC /* TablePresenter.swift */; };
		852F939E2BAA254D006E3CAC /* AnyPresenter.swift in Sources */ = {isa = PBXBuildFile; fileRef = 852F939A2BAA254D006E3CAC /* AnyPresenter.swift */; };
		85EA23E92BAA214A0013AA7B /* AppDelegate.swift in Sources */ = {isa = PBXBuildFile; fileRef = 85EA23E82BAA214A0013AA7B /* AppDelegate.swift */; };
		85EA23EB2BAA214A0013AA7B /* SceneDelegate.swift in Sources */ = {isa = PBXBuildFile; fileRef = 85EA23EA2BAA214A0013AA7B /* SceneDelegate.swift */; };
		85EA23ED2BAA214A0013AA7B /* ViewController.swift in Sources */ = {isa = PBXBuildFile; fileRef = 85EA23EC2BAA214A0013AA7B /* ViewController.swift */; };
		85EA23F02BAA214A0013AA7B /* Main.storyboard in Resources */ = {isa = PBXBuildFile; fileRef = 85EA23EE2BAA214A0013AA7B /* Main.storyboard */; };
		85EA23F22BAA214D0013AA7B /* Assets.xcassets in Resources */ = {isa = PBXBuildFile; fileRef = 85EA23F12BAA214D0013AA7B /* Assets.xcassets */; };
		85EA23F52BAA214D0013AA7B /* LaunchScreen.storyboard in Resources */ = {isa = PBXBuildFile; fileRef = 85EA23F32BAA214D0013AA7B /* LaunchScreen.storyboard */; };
/* End PBXBuildFile section */

/* Begin PBXCopyFilesBuildPhase section */
		852F93902BAA222F006E3CAC /* Embed Frameworks */ = {
			isa = PBXCopyFilesBuildPhase;
			buildActionMask = 2147483647;
			dstPath = "";
			dstSubfolderSpec = 10;
			files = (
				852F938F2BAA222F006E3CAC /* NetworkService.framework in Embed Frameworks */,
			);
			name = "Embed Frameworks";
			runOnlyForDeploymentPostprocessing = 0;
		};
/* End PBXCopyFilesBuildPhase section */

/* Begin PBXFileReference section */
		852F938D2BAA222F006E3CAC /* NetworkService.framework */ = {isa = PBXFileReference; explicitFileType = wrapper.framework; path = NetworkService.framework; sourceTree = BUILT_PRODUCTS_DIR; };
		852F93912BAA2502006E3CAC /* AnyView.swift */ = {isa = PBXFileReference; lastKnownFileType = sourcecode.swift; path = AnyView.swift; sourceTree = "<group>"; };
		852F93932BAA2515006E3CAC /* Entity.swift */ = {isa = PBXFileReference; lastKnownFileType = sourcecode.swift; path = Entity.swift; sourceTree = "<group>"; };
		852F93942BAA2515006E3CAC /* MovieEntity.swift */ = {isa = PBXFileReference; lastKnownFileType = sourcecode.swift; path = MovieEntity.swift; sourceTree = "<group>"; };
		852F93972BAA254D006E3CAC /* AnyInteractor.swift */ = {isa = PBXFileReference; lastKnownFileType = sourcecode.swift; path = AnyInteractor.swift; sourceTree = "<group>"; };
		852F93982BAA254D006E3CAC /* AnyRouter.swift */ = {isa = PBXFileReference; lastKnownFileType = sourcecode.swift; path = AnyRouter.swift; sourceTree = "<group>"; };
		852F93992BAA254D006E3CAC /* TablePresenter.swift */ = {isa = PBXFileReference; lastKnownFileType = sourcecode.swift; path = TablePresenter.swift; sourceTree = "<group>"; };
		852F939A2BAA254D006E3CAC /* AnyPresenter.swift */ = {isa = PBXFileReference; lastKnownFileType = sourcecode.swift; path = AnyPresenter.swift; sourceTree = "<group>"; };
		85EA23E52BAA214A0013AA7B /* ViperMovie.app */ = {isa = PBXFileReference; explicitFileType = wrapper.application; includeInIndex = 0; path = ViperMovie.app; sourceTree = BUILT_PRODUCTS_DIR; };
		85EA23E82BAA214A0013AA7B /* AppDelegate.swift */ = {isa = PBXFileReference; lastKnownFileType = sourcecode.swift; path = AppDelegate.swift; sourceTree = "<group>"; };
		85EA23EA2BAA214A0013AA7B /* SceneDelegate.swift */ = {isa = PBXFileReference; lastKnownFileType = sourcecode.swift; path = SceneDelegate.swift; sourceTree = "<group>"; };
		85EA23EC2BAA214A0013AA7B /* ViewController.swift */ = {isa = PBXFileReference; lastKnownFileType = sourcecode.swift; path = ViewController.swift; sourceTree = "<group>"; };
		85EA23EF2BAA214A0013AA7B /* Base */ = {isa = PBXFileReference; lastKnownFileType = file.storyboard; name = Base; path = Base.lproj/Main.storyboard; sourceTree = "<group>"; };
		85EA23F12BAA214D0013AA7B /* Assets.xcassets */ = {isa = PBXFileReference; lastKnownFileType = folder.assetcatalog; path = Assets.xcassets; sourceTree = "<group>"; };
		85EA23F42BAA214D0013AA7B /* Base */ = {isa = PBXFileReference; lastKnownFileType = file.storyboard; name = Base; path = Base.lproj/LaunchScreen.storyboard; sourceTree = "<group>"; };
		85EA23F62BAA214D0013AA7B /* Info.plist */ = {isa = PBXFileReference; lastKnownFileType = text.plist.xml; path = Info.plist; sourceTree = "<group>"; };
/* End PBXFileReference section */

/* Begin PBXFrameworksBuildPhase section */
		85EA23E22BAA214A0013AA7B /* Frameworks */ = {
			isa = PBXFrameworksBuildPhase;
			buildActionMask = 2147483647;
			files = (
				852F938E2BAA222F006E3CAC /* NetworkService.framework in Frameworks */,
			);
			runOnlyForDeploymentPostprocessing = 0;
		};
/* End PBXFrameworksBuildPhase section */

/* Begin PBXGroup section */
		852F938C2BAA222F006E3CAC /* Frameworks */ = {
			isa = PBXGroup;
			children = (
				852F938D2BAA222F006E3CAC /* NetworkService.framework */,
			);
			name = Frameworks;
			sourceTree = "<group>";
		};
		85EA23DC2BAA214A0013AA7B = {
			isa = PBXGroup;
			children = (
				85EA23E72BAA214A0013AA7B /* ViperMovie */,
				85EA23E62BAA214A0013AA7B /* Products */,
				852F938C2BAA222F006E3CAC /* Frameworks */,
			);
			sourceTree = "<group>";
		};
		85EA23E62BAA214A0013AA7B /* Products */ = {
			isa = PBXGroup;
			children = (
				85EA23E52BAA214A0013AA7B /* ViperMovie.app */,
			);
			name = Products;
			sourceTree = "<group>";
		};
		85EA23E72BAA214A0013AA7B /* ViperMovie */ = {
			isa = PBXGroup;
			children = (
				85EA23FC2BAA21550013AA7B /* Viper */,
				85EA23E82BAA214A0013AA7B /* AppDelegate.swift */,
				85EA23EA2BAA214A0013AA7B /* SceneDelegate.swift */,
				85EA23EC2BAA214A0013AA7B /* ViewController.swift */,
				85EA23EE2BAA214A0013AA7B /* Main.storyboard */,
				85EA23F12BAA214D0013AA7B /* Assets.xcassets */,
				85EA23F32BAA214D0013AA7B /* LaunchScreen.storyboard */,
				85EA23F62BAA214D0013AA7B /* Info.plist */,
			);
			path = ViperMovie;
			sourceTree = "<group>";
		};
		85EA23FC2BAA21550013AA7B /* Viper */ = {
			isa = PBXGroup;
			children = (
				85EA23FE2BAA21630013AA7B /* Router */,
				85EA24012BAA217C0013AA7B /* View */,
				85EA24002BAA21710013AA7B /* Entity */,
				85EA23FF2BAA21680013AA7B /* Presenter */,
				85EA23FD2BAA215B0013AA7B /* Interactor */,
			);
			path = Viper;
			sourceTree = "<group>";
		};
		85EA23FD2BAA215B0013AA7B /* Interactor */ = {
			isa = PBXGroup;
			children = (
				852F93972BAA254D006E3CAC /* AnyInteractor.swift */,
			);
			path = Interactor;
			sourceTree = "<group>";
		};
		85EA23FE2BAA21630013AA7B /* Router */ = {
			isa = PBXGroup;
			children = (
				852F93982BAA254D006E3CAC /* AnyRouter.swift */,
			);
			path = Router;
			sourceTree = "<group>";
		};
		85EA23FF2BAA21680013AA7B /* Presenter */ = {
			isa = PBXGroup;
			children = (
				852F939A2BAA254D006E3CAC /* AnyPresenter.swift */,
				852F93992BAA254D006E3CAC /* TablePresenter.swift */,
			);
			path = Presenter;
			sourceTree = "<group>";
		};
		85EA24002BAA21710013AA7B /* Entity */ = {
			isa = PBXGroup;
			children = (
				852F93932BAA2515006E3CAC /* Entity.swift */,
				852F93942BAA2515006E3CAC /* MovieEntity.swift */,
			);
			path = Entity;
			sourceTree = "<group>";
		};
		85EA24012BAA217C0013AA7B /* View */ = {
			isa = PBXGroup;
			children = (
				852F93912BAA2502006E3CAC /* AnyView.swift */,
			);
			path = View;
			sourceTree = "<group>";
		};
/* End PBXGroup section */

/* Begin PBXNativeTarget section */
		85EA23E42BAA214A0013AA7B /* ViperMovie */ = {
			isa = PBXNativeTarget;
			buildConfigurationList = 85EA23F92BAA214D0013AA7B /* Build configuration list for PBXNativeTarget "ViperMovie" */;
			buildPhases = (
				85EA23E12BAA214A0013AA7B /* Sources */,
				85EA23E22BAA214A0013AA7B /* Frameworks */,
				85EA23E32BAA214A0013AA7B /* Resources */,
				852F93902BAA222F006E3CAC /* Embed Frameworks */,
			);
			buildRules = (
			);
			dependencies = (
			);
			name = ViperMovie;
			productName = ViperMovie;
			productReference = 85EA23E52BAA214A0013AA7B /* ViperMovie.app */;
			productType = "com.apple.product-type.application";
		};
/* End PBXNativeTarget section */

/* Begin PBXProject section */
		85EA23DD2BAA214A0013AA7B /* Project object */ = {
			isa = PBXProject;
			attributes = {
				BuildIndependentTargetsInParallel = 1;
				LastSwiftUpdateCheck = 1520;
				LastUpgradeCheck = 1520;
				TargetAttributes = {
					85EA23E42BAA214A0013AA7B = {
						CreatedOnToolsVersion = 15.2;
					};
				};
			};
			buildConfigurationList = 85EA23E02BAA214A0013AA7B /* Build configuration list for PBXProject "ViperMovie" */;
			compatibilityVersion = "Xcode 14.0";
			developmentRegion = en;
			hasScannedForEncodings = 0;
			knownRegions = (
				en,
				Base,
			);
			mainGroup = 85EA23DC2BAA214A0013AA7B;
			productRefGroup = 85EA23E62BAA214A0013AA7B /* Products */;
			projectDirPath = "";
			projectRoot = "";
			targets = (
				85EA23E42BAA214A0013AA7B /* ViperMovie */,
			);
		};
/* End PBXProject section */

/* Begin PBXResourcesBuildPhase section */
		85EA23E32BAA214A0013AA7B /* Resources */ = {
			isa = PBXResourcesBuildPhase;
			buildActionMask = 2147483647;
			files = (
				85EA23F52BAA214D0013AA7B /* LaunchScreen.storyboard in Resources */,
				85EA23F22BAA214D0013AA7B /* Assets.xcassets in Resources */,
				85EA23F02BAA214A0013AA7B /* Main.storyboard in Resources */,
			);
			runOnlyForDeploymentPostprocessing = 0;
		};
/* End PBXResourcesBuildPhase section */

/* Begin PBXSourcesBuildPhase section */
		85EA23E12BAA214A0013AA7B /* Sources */ = {
			isa = PBXSourcesBuildPhase;
			buildActionMask = 2147483647;
			files = (
				852F939B2BAA254D006E3CAC /* AnyInteractor.swift in Sources */,
				852F939C2BAA254D006E3CAC /* AnyRouter.swift in Sources */,
				852F939D2BAA254D006E3CAC /* TablePresenter.swift in Sources */,
				852F939E2BAA254D006E3CAC /* AnyPresenter.swift in Sources */,
				852F93952BAA2515006E3CAC /* Entity.swift in Sources */,
				852F93962BAA2515006E3CAC /* MovieEntity.swift in Sources */,
				852F93922BAA2503006E3CAC /* AnyView.swift in Sources */,
				85EA23ED2BAA214A0013AA7B /* ViewController.swift in Sources */,
				85EA23E92BAA214A0013AA7B /* AppDelegate.swift in Sources */,
				85EA23EB2BAA214A0013AA7B /* SceneDelegate.swift in Sources */,
			);
			runOnlyForDeploymentPostprocessing = 0;
		};
/* End PBXSourcesBuildPhase section */

/* Begin PBXVariantGroup section */
		85EA23EE2BAA214A0013AA7B /* Main.storyboard */ = {
			isa = PBXVariantGroup;
			children = (
				85EA23EF2BAA214A0013AA7B /* Base */,
			);
			name = Main.storyboard;
			sourceTree = "<group>";
		};
		85EA23F32BAA214D0013AA7B /* LaunchScreen.storyboard */ = {
			isa = PBXVariantGroup;
			children = (
				85EA23F42BAA214D0013AA7B /* Base */,
			);
			name = LaunchScreen.storyboard;
			sourceTree = "<group>";
		};
/* End PBXVariantGroup section */

/* Begin XCBuildConfiguration section */
		85EA23F72BAA214D0013AA7B /* Debug */ = {
			isa = XCBuildConfiguration;
			buildSettings = {
				ALWAYS_SEARCH_USER_PATHS = NO;
				ASSETCATALOG_COMPILER_GENERATE_SWIFT_ASSET_SYMBOL_EXTENSIONS = YES;
				CLANG_ANALYZER_NONNULL = YES;
				CLANG_ANALYZER_NUMBER_OBJECT_CONVERSION = YES_AGGRESSIVE;
				CLANG_CXX_LANGUAGE_STANDARD = "gnu++20";
				CLANG_ENABLE_MODULES = YES;
				CLANG_ENABLE_OBJC_ARC = YES;
				CLANG_ENABLE_OBJC_WEAK = YES;
				CLANG_WARN_BLOCK_CAPTURE_AUTORELEASING = YES;
				CLANG_WARN_BOOL_CONVERSION = YES;
				CLANG_WARN_COMMA = YES;
				CLANG_WARN_CONSTANT_CONVERSION = YES;
				CLANG_WARN_DEPRECATED_OBJC_IMPLEMENTATIONS = YES;
				CLANG_WARN_DIRECT_OBJC_ISA_USAGE = YES_ERROR;
				CLANG_WARN_DOCUMENTATION_COMMENTS = YES;
				CLANG_WARN_EMPTY_BODY = YES;
				CLANG_WARN_ENUM_CONVERSION = YES;
				CLANG_WARN_INFINITE_RECURSION = YES;
				CLANG_WARN_INT_CONVERSION = YES;
				CLANG_WARN_NON_LITERAL_NULL_CONVERSION = YES;
				CLANG_WARN_OBJC_IMPLICIT_RETAIN_SELF = YES;
				CLANG_WARN_OBJC_LITERAL_CONVERSION = YES;
				CLANG_WARN_OBJC_ROOT_CLASS = YES_ERROR;
				CLANG_WARN_QUOTED_INCLUDE_IN_FRAMEWORK_HEADER = YES;
				CLANG_WARN_RANGE_LOOP_ANALYSIS = YES;
				CLANG_WARN_STRICT_PROTOTYPES = YES;
				CLANG_WARN_SUSPICIOUS_MOVE = YES;
				CLANG_WARN_UNGUARDED_AVAILABILITY = YES_AGGRESSIVE;
				CLANG_WARN_UNREACHABLE_CODE = YES;
				CLANG_WARN__DUPLICATE_METHOD_MATCH = YES;
				COPY_PHASE_STRIP = NO;
				DEBUG_INFORMATION_FORMAT = dwarf;
				ENABLE_STRICT_OBJC_MSGSEND = YES;
				ENABLE_TESTABILITY = YES;
				ENABLE_USER_SCRIPT_SANDBOXING = YES;
				GCC_C_LANGUAGE_STANDARD = gnu17;
				GCC_DYNAMIC_NO_PIC = NO;
				GCC_NO_COMMON_BLOCKS = YES;
				GCC_OPTIMIZATION_LEVEL = 0;
				GCC_PREPROCESSOR_DEFINITIONS = (
					"DEBUG=1",
					"$(inherited)",
				);
				GCC_WARN_64_TO_32_BIT_CONVERSION = YES;
				GCC_WARN_ABOUT_RETURN_TYPE = YES_ERROR;
				GCC_WARN_UNDECLARED_SELECTOR = YES;
				GCC_WARN_UNINITIALIZED_AUTOS = YES_AGGRESSIVE;
				GCC_WARN_UNUSED_FUNCTION = YES;
				GCC_WARN_UNUSED_VARIABLE = YES;
				IPHONEOS_DEPLOYMENT_TARGET = 17.2;
				LOCALIZATION_PREFERS_STRING_CATALOGS = YES;
				MTL_ENABLE_DEBUG_INFO = INCLUDE_SOURCE;
				MTL_FAST_MATH = YES;
				ONLY_ACTIVE_ARCH = YES;
				SDKROOT = iphoneos;
				SWIFT_ACTIVE_COMPILATION_CONDITIONS = "DEBUG $(inherited)";
				SWIFT_OPTIMIZATION_LEVEL = "-Onone";
			};
			name = Debug;
		};
		85EA23F82BAA214D0013AA7B /* Release */ = {
			isa = XCBuildConfiguration;
			buildSettings = {
				ALWAYS_SEARCH_USER_PATHS = NO;
				ASSETCATALOG_COMPILER_GENERATE_SWIFT_ASSET_SYMBOL_EXTENSIONS = YES;
				CLANG_ANALYZER_NONNULL = YES;
				CLANG_ANALYZER_NUMBER_OBJECT_CONVERSION = YES_AGGRESSIVE;
				CLANG_CXX_LANGUAGE_STANDARD = "gnu++20";
				CLANG_ENABLE_MODULES = YES;
				CLANG_ENABLE_OBJC_ARC = YES;
				CLANG_ENABLE_OBJC_WEAK = YES;
				CLANG_WARN_BLOCK_CAPTURE_AUTORELEASING = YES;
				CLANG_WARN_BOOL_CONVERSION = YES;
				CLANG_WARN_COMMA = YES;
				CLANG_WARN_CONSTANT_CONVERSION = YES;
				CLANG_WARN_DEPRECATED_OBJC_IMPLEMENTATIONS = YES;
				CLANG_WARN_DIRECT_OBJC_ISA_USAGE = YES_ERROR;
				CLANG_WARN_DOCUMENTATION_COMMENTS = YES;
				CLANG_WARN_EMPTY_BODY = YES;
				CLANG_WARN_ENUM_CONVERSION = YES;
				CLANG_WARN_INFINITE_RECURSION = YES;
				CLANG_WARN_INT_CONVERSION = YES;
				CLANG_WARN_NON_LITERAL_NULL_CONVERSION = YES;
				CLANG_WARN_OBJC_IMPLICIT_RETAIN_SELF = YES;
				CLANG_WARN_OBJC_LITERAL_CONVERSION = YES;
				CLANG_WARN_OBJC_ROOT_CLASS = YES_ERROR;
				CLANG_WARN_QUOTED_INCLUDE_IN_FRAMEWORK_HEADER = YES;
				CLANG_WARN_RANGE_LOOP_ANALYSIS = YES;
				CLANG_WARN_STRICT_PROTOTYPES = YES;
				CLANG_WARN_SUSPICIOUS_MOVE = YES;
				CLANG_WARN_UNGUARDED_AVAILABILITY = YES_AGGRESSIVE;
				CLANG_WARN_UNREACHABLE_CODE = YES;
				CLANG_WARN__DUPLICATE_METHOD_MATCH = YES;
				COPY_PHASE_STRIP = NO;
				DEBUG_INFORMATION_FORMAT = "dwarf-with-dsym";
				ENABLE_NS_ASSERTIONS = NO;
				ENABLE_STRICT_OBJC_MSGSEND = YES;
				ENABLE_USER_SCRIPT_SANDBOXING = YES;
				GCC_C_LANGUAGE_STANDARD = gnu17;
				GCC_NO_COMMON_BLOCKS = YES;
				GCC_WARN_64_TO_32_BIT_CONVERSION = YES;
				GCC_WARN_ABOUT_RETURN_TYPE = YES_ERROR;
				GCC_WARN_UNDECLARED_SELECTOR = YES;
				GCC_WARN_UNINITIALIZED_AUTOS = YES_AGGRESSIVE;
				GCC_WARN_UNUSED_FUNCTION = YES;
				GCC_WARN_UNUSED_VARIABLE = YES;
				IPHONEOS_DEPLOYMENT_TARGET = 17.2;
				LOCALIZATION_PREFERS_STRING_CATALOGS = YES;
				MTL_ENABLE_DEBUG_INFO = NO;
				MTL_FAST_MATH = YES;
				SDKROOT = iphoneos;
				SWIFT_COMPILATION_MODE = wholemodule;
				VALIDATE_PRODUCT = YES;
			};
			name = Release;
		};
		85EA23FA2BAA214D0013AA7B /* Debug */ = {
			isa = XCBuildConfiguration;
			buildSettings = {
				ASSETCATALOG_COMPILER_APPICON_NAME = AppIcon;
				ASSETCATALOG_COMPILER_GLOBAL_ACCENT_COLOR_NAME = AccentColor;
				CODE_SIGN_STYLE = Automatic;
				CURRENT_PROJECT_VERSION = 1;
				DEVELOPMENT_TEAM = 73DNAYF2TM;
				GENERATE_INFOPLIST_FILE = YES;
				INFOPLIST_FILE = ViperMovie/Info.plist;
				INFOPLIST_KEY_UIApplicationSupportsIndirectInputEvents = YES;
				INFOPLIST_KEY_UILaunchStoryboardName = LaunchScreen;
				INFOPLIST_KEY_UIMainStoryboardFile = Main;
				INFOPLIST_KEY_UISupportedInterfaceOrientations_iPad = "UIInterfaceOrientationPortrait UIInterfaceOrientationPortraitUpsideDown UIInterfaceOrientationLandscapeLeft UIInterfaceOrientationLandscapeRight";
				INFOPLIST_KEY_UISupportedInterfaceOrientations_iPhone = "UIInterfaceOrientationPortrait UIInterfaceOrientationLandscapeLeft UIInterfaceOrientationLandscapeRight";
				LD_RUNPATH_SEARCH_PATHS = (
					"$(inherited)",
					"@executable_path/Frameworks",
				);
				MARKETING_VERSION = 1.0;
				PRODUCT_BUNDLE_IDENTIFIER = com.JoaoPauloCarneiro.ViperMovie;
				PRODUCT_NAME = "$(TARGET_NAME)";
				SWIFT_EMIT_LOC_STRINGS = YES;
				SWIFT_VERSION = 5.0;
				TARGETED_DEVICE_FAMILY = "1,2";
			};
			name = Debug;
		};
		85EA23FB2BAA214D0013AA7B /* Release */ = {
			isa = XCBuildConfiguration;
			buildSettings = {
				ASSETCATALOG_COMPILER_APPICON_NAME = AppIcon;
				ASSETCATALOG_COMPILER_GLOBAL_ACCENT_COLOR_NAME = AccentColor;
				CODE_SIGN_STYLE = Automatic;
				CURRENT_PROJECT_VERSION = 1;
				DEVELOPMENT_TEAM = 73DNAYF2TM;
				GENERATE_INFOPLIST_FILE = YES;
				INFOPLIST_FILE = ViperMovie/Info.plist;
				INFOPLIST_KEY_UIApplicationSupportsIndirectInputEvents = YES;
				INFOPLIST_KEY_UILaunchStoryboardName = LaunchScreen;
				INFOPLIST_KEY_UIMainStoryboardFile = Main;
				INFOPLIST_KEY_UISupportedInterfaceOrientations_iPad = "UIInterfaceOrientationPortrait UIInterfaceOrientationPortraitUpsideDown UIInterfaceOrientationLandscapeLeft UIInterfaceOrientationLandscapeRight";
				INFOPLIST_KEY_UISupportedInterfaceOrientations_iPhone = "UIInterfaceOrientationPortrait UIInterfaceOrientationLandscapeLeft UIInterfaceOrientationLandscapeRight";
				LD_RUNPATH_SEARCH_PATHS = (
					"$(inherited)",
					"@executable_path/Frameworks",
				);
				MARKETING_VERSION = 1.0;
				PRODUCT_BUNDLE_IDENTIFIER = com.JoaoPauloCarneiro.ViperMovie;
				PRODUCT_NAME = "$(TARGET_NAME)";
				SWIFT_EMIT_LOC_STRINGS = YES;
				SWIFT_VERSION = 5.0;
				TARGETED_DEVICE_FAMILY = "1,2";
			};
			name = Release;
		};
/* End XCBuildConfiguration section */

/* Begin XCConfigurationList section */
		85EA23E02BAA214A0013AA7B /* Build configuration list for PBXProject "ViperMovie" */ = {
			isa = XCConfigurationList;
			buildConfigurations = (
				85EA23F72BAA214D0013AA7B /* Debug */,
				85EA23F82BAA214D0013AA7B /* Release */,
			);
			defaultConfigurationIsVisible = 0;
			defaultConfigurationName = Release;
		};
		85EA23F92BAA214D0013AA7B /* Build configuration list for PBXNativeTarget "ViperMovie" */ = {
			isa = XCConfigurationList;
			buildConfigurations = (
				85EA23FA2BAA214D0013AA7B /* Debug */,
				85EA23FB2BAA214D0013AA7B /* Release */,
			);
			defaultConfigurationIsVisible = 0;
			defaultConfigurationName = Release;
		};
/* End XCConfigurationList section */
	};
	rootObject = 85EA23DD2BAA214A0013AA7B /* Project object */;
}
