// !$*UTF8*$!
{
	archiveVersion = 1;
	classes = {
	};
	objectVersion = 56;
	objects = {

/* Begin PBXBuildFile section */
		F906D6572BAA06F6005B5B52 /* PresenterViperMovieDB.framework in Frameworks */ = {isa = PBXBuildFile; fileRef = F906D64E2BAA06F5005B5B52 /* PresenterViperMovieDB.framework */; };
		F906D65C2BAA06F6005B5B52 /* PresenterViperMovieDBTests.swift in Sources */ = {isa = PBXBuildFile; fileRef = F906D65B2BAA06F6005B5B52 /* PresenterViperMovieDBTests.swift */; };
		F906D65D2BAA06F6005B5B52 /* PresenterViperMovieDB.h in Headers */ = {isa = PBXBuildFile; fileRef = F906D6512BAA06F5005B5B52 /* PresenterViperMovieDB.h */; settings = {ATTRIBUTES = (Public, ); }; };
/* End PBXBuildFile section */

/* Begin PBXContainerItemProxy section */
		F906D6582BAA06F6005B5B52 /* PBXContainerItemProxy */ = {
			isa = PBXContainerItemProxy;
			containerPortal = F906D6452BAA06F5005B5B52 /* Project object */;
			proxyType = 1;
			remoteGlobalIDString = F906D64D2BAA06F5005B5B52;
			remoteInfo = PresenterViperMovieDB;
		};
/* End PBXContainerItemProxy section */

/* Begin PBXFileReference section */
		F906D64E2BAA06F5005B5B52 /* PresenterViperMovieDB.framework */ = {isa = PBXFileReference; explicitFileType = wrapper.framework; includeInIndex = 0; path = PresenterViperMovieDB.framework; sourceTree = BUILT_PRODUCTS_DIR; };
		F906D6512BAA06F5005B5B52 /* PresenterViperMovieDB.h */ = {isa = PBXFileReference; lastKnownFileType = sourcecode.c.h; path = PresenterViperMovieDB.h; sourceTree = "<group>"; };
		F906D6562BAA06F6005B5B52 /* PresenterViperMovieDBTests.xctest */ = {isa = PBXFileReference; explicitFileType = wrapper.cfbundle; includeInIndex = 0; path = PresenterViperMovieDBTests.xctest; sourceTree = BUILT_PRODUCTS_DIR; };
		F906D65B2BAA06F6005B5B52 /* PresenterViperMovieDBTests.swift */ = {isa = PBXFileReference; lastKnownFileType = sourcecode.swift; path = PresenterViperMovieDBTests.swift; sourceTree = "<group>"; };
/* End PBXFileReference section */

/* Begin PBXFrameworksBuildPhase section */
		F906D64B2BAA06F5005B5B52 /* Frameworks */ = {
			isa = PBXFrameworksBuildPhase;
			buildActionMask = 2147483647;
			files = (
			);
			runOnlyForDeploymentPostprocessing = 0;
		};
		F906D6532BAA06F6005B5B52 /* Frameworks */ = {
			isa = PBXFrameworksBuildPhase;
			buildActionMask = 2147483647;
			files = (
				F906D6572BAA06F6005B5B52 /* PresenterViperMovieDB.framework in Frameworks */,
			);
			runOnlyForDeploymentPostprocessing = 0;
		};
/* End PBXFrameworksBuildPhase section */

/* Begin PBXGroup section */
		F906D6442BAA06F5005B5B52 = {
			isa = PBXGroup;
			children = (
				F906D6502BAA06F5005B5B52 /* PresenterViperMovieDB */,
				F906D65A2BAA06F6005B5B52 /* PresenterViperMovieDBTests */,
				F906D64F2BAA06F5005B5B52 /* Products */,
			);
			sourceTree = "<group>";
		};
		F906D64F2BAA06F5005B5B52 /* Products */ = {
			isa = PBXGroup;
			children = (
				F906D64E2BAA06F5005B5B52 /* PresenterViperMovieDB.framework */,
				F906D6562BAA06F6005B5B52 /* PresenterViperMovieDBTests.xctest */,
			);
			name = Products;
			sourceTree = "<group>";
		};
		F906D6502BAA06F5005B5B52 /* PresenterViperMovieDB */ = {
			isa = PBXGroup;
			children = (
				F906D6512BAA06F5005B5B52 /* PresenterViperMovieDB.h */,
			);
			path = PresenterViperMovieDB;
			sourceTree = "<group>";
		};
		F906D65A2BAA06F6005B5B52 /* PresenterViperMovieDBTests */ = {
			isa = PBXGroup;
			children = (
				F906D65B2BAA06F6005B5B52 /* PresenterViperMovieDBTests.swift */,
			);
			path = PresenterViperMovieDBTests;
			sourceTree = "<group>";
		};
/* End PBXGroup section */

/* Begin PBXHeadersBuildPhase section */
		F906D6492BAA06F5005B5B52 /* Headers */ = {
			isa = PBXHeadersBuildPhase;
			buildActionMask = 2147483647;
			files = (
				F906D65D2BAA06F6005B5B52 /* PresenterViperMovieDB.h in Headers */,
			);
			runOnlyForDeploymentPostprocessing = 0;
		};
/* End PBXHeadersBuildPhase section */

/* Begin PBXNativeTarget section */
		F906D64D2BAA06F5005B5B52 /* PresenterViperMovieDB */ = {
			isa = PBXNativeTarget;
			buildConfigurationList = F906D6602BAA06F6005B5B52 /* Build configuration list for PBXNativeTarget "PresenterViperMovieDB" */;
			buildPhases = (
				F906D6492BAA06F5005B5B52 /* Headers */,
				F906D64A2BAA06F5005B5B52 /* Sources */,
				F906D64B2BAA06F5005B5B52 /* Frameworks */,
				F906D64C2BAA06F5005B5B52 /* Resources */,
			);
			buildRules = (
			);
			dependencies = (
			);
			name = PresenterViperMovieDB;
			productName = PresenterViperMovieDB;
			productReference = F906D64E2BAA06F5005B5B52 /* PresenterViperMovieDB.framework */;
			productType = "com.apple.product-type.framework";
		};
		F906D6552BAA06F6005B5B52 /* PresenterViperMovieDBTests */ = {
			isa = PBXNativeTarget;
			buildConfigurationList = F906D6632BAA06F6005B5B52 /* Build configuration list for PBXNativeTarget "PresenterViperMovieDBTests" */;
			buildPhases = (
				F906D6522BAA06F6005B5B52 /* Sources */,
				F906D6532BAA06F6005B5B52 /* Frameworks */,
				F906D6542BAA06F6005B5B52 /* Resources */,
			);
			buildRules = (
			);
			dependencies = (
				F906D6592BAA06F6005B5B52 /* PBXTargetDependency */,
			);
			name = PresenterViperMovieDBTests;
			productName = PresenterViperMovieDBTests;
			productReference = F906D6562BAA06F6005B5B52 /* PresenterViperMovieDBTests.xctest */;
			productType = "com.apple.product-type.bundle.unit-test";
		};
/* End PBXNativeTarget section */

/* Begin PBXProject section */
		F906D6452BAA06F5005B5B52 /* Project object */ = {
			isa = PBXProject;
			attributes = {
				BuildIndependentTargetsInParallel = 1;
				LastSwiftUpdateCheck = 1510;
				LastUpgradeCheck = 1510;
				TargetAttributes = {
					F906D64D2BAA06F5005B5B52 = {
						CreatedOnToolsVersion = 15.1;
					};
					F906D6552BAA06F6005B5B52 = {
						CreatedOnToolsVersion = 15.1;
					};
				};
			};
			buildConfigurationList = F906D6482BAA06F5005B5B52 /* Build configuration list for PBXProject "PresenterViperMovieDB" */;
			compatibilityVersion = "Xcode 14.0";
			developmentRegion = en;
			hasScannedForEncodings = 0;
			knownRegions = (
				en,
				Base,
			);
			mainGroup = F906D6442BAA06F5005B5B52;
			productRefGroup = F906D64F2BAA06F5005B5B52 /* Products */;
			projectDirPath = "";
			projectRoot = "";
			targets = (
				F906D64D2BAA06F5005B5B52 /* PresenterViperMovieDB */,
				F906D6552BAA06F6005B5B52 /* PresenterViperMovieDBTests */,
			);
		};
/* End PBXProject section */

/* Begin PBXResourcesBuildPhase section */
		F906D64C2BAA06F5005B5B52 /* Resources */ = {
			isa = PBXResourcesBuildPhase;
			buildActionMask = 2147483647;
			files = (
			);
			runOnlyForDeploymentPostprocessing = 0;
		};
		F906D6542BAA06F6005B5B52 /* Resources */ = {
			isa = PBXResourcesBuildPhase;
			buildActionMask = 2147483647;
			files = (
			);
			runOnlyForDeploymentPostprocessing = 0;
		};
/* End PBXResourcesBuildPhase section */

/* Begin PBXSourcesBuildPhase section */
		F906D64A2BAA06F5005B5B52 /* Sources */ = {
			isa = PBXSourcesBuildPhase;
			buildActionMask = 2147483647;
			files = (
			);
			runOnlyForDeploymentPostprocessing = 0;
		};
		F906D6522BAA06F6005B5B52 /* Sources */ = {
			isa = PBXSourcesBuildPhase;
			buildActionMask = 2147483647;
			files = (
				F906D65C2BAA06F6005B5B52 /* PresenterViperMovieDBTests.swift in Sources */,
			);
			runOnlyForDeploymentPostprocessing = 0;
		};
/* End PBXSourcesBuildPhase section */

/* Begin PBXTargetDependency section */
		F906D6592BAA06F6005B5B52 /* PBXTargetDependency */ = {
			isa = PBXTargetDependency;
			target = F906D64D2BAA06F5005B5B52 /* PresenterViperMovieDB */;
			targetProxy = F906D6582BAA06F6005B5B52 /* PBXContainerItemProxy */;
		};
/* End PBXTargetDependency section */

/* Begin XCBuildConfiguration section */
		F906D65E2BAA06F6005B5B52 /* Debug */ = {
			isa = XCBuildConfiguration;
			buildSettings = {
				ALWAYS_SEARCH_USER_PATHS = NO;
				ASSETCATALOG_COMPILER_GENERATE_SWIFT_ASSET_SYMBOL_EXTENSIONS = YES;
				CLANG_ANALYZER_NONNULL = YES;
				CLANG_ANALYZER_NUMBER_OBJECT_CONVERSION = YES_AGGRESSIVE;
				CLANG_CXX_LANGUAGE_STANDARD = "gnu++20";
				CLANG_ENABLE_MODULES = YES;
				CLANG_ENABLE_OBJC_ARC = YES;
				CLANG_ENABLE_OBJC_WEAK = YES;
				CLANG_WARN_BLOCK_CAPTURE_AUTORELEASING = YES;
				CLANG_WARN_BOOL_CONVERSION = YES;
				CLANG_WARN_COMMA = YES;
				CLANG_WARN_CONSTANT_CONVERSION = YES;
				CLANG_WARN_DEPRECATED_OBJC_IMPLEMENTATIONS = YES;
				CLANG_WARN_DIRECT_OBJC_ISA_USAGE = YES_ERROR;
				CLANG_WARN_DOCUMENTATION_COMMENTS = YES;
				CLANG_WARN_EMPTY_BODY = YES;
				CLANG_WARN_ENUM_CONVERSION = YES;
				CLANG_WARN_INFINITE_RECURSION = YES;
				CLANG_WARN_INT_CONVERSION = YES;
				CLANG_WARN_NON_LITERAL_NULL_CONVERSION = YES;
				CLANG_WARN_OBJC_IMPLICIT_RETAIN_SELF = YES;
				CLANG_WARN_OBJC_LITERAL_CONVERSION = YES;
				CLANG_WARN_OBJC_ROOT_CLASS = YES_ERROR;
				CLANG_WARN_QUOTED_INCLUDE_IN_FRAMEWORK_HEADER = YES;
				CLANG_WARN_RANGE_LOOP_ANALYSIS = YES;
				CLANG_WARN_STRICT_PROTOTYPES = YES;
				CLANG_WARN_SUSPICIOUS_MOVE = YES;
				CLANG_WARN_UNGUARDED_AVAILABILITY = YES_AGGRESSIVE;
				CLANG_WARN_UNREACHABLE_CODE = YES;
				CLANG_WARN__DUPLICATE_METHOD_MATCH = YES;
				COPY_PHASE_STRIP = NO;
				CURRENT_PROJECT_VERSION = 1;
				DEBUG_INFORMATION_FORMAT = dwarf;
				ENABLE_STRICT_OBJC_MSGSEND = YES;
				ENABLE_TESTABILITY = YES;
				ENABLE_USER_SCRIPT_SANDBOXING = YES;
				GCC_C_LANGUAGE_STANDARD = gnu17;
				GCC_DYNAMIC_NO_PIC = NO;
				GCC_NO_COMMON_BLOCKS = YES;
				GCC_OPTIMIZATION_LEVEL = 0;
				GCC_PREPROCESSOR_DEFINITIONS = (
					"DEBUG=1",
					"$(inherited)",
				);
				GCC_WARN_64_TO_32_BIT_CONVERSION = YES;
				GCC_WARN_ABOUT_RETURN_TYPE = YES_ERROR;
				GCC_WARN_UNDECLARED_SELECTOR = YES;
				GCC_WARN_UNINITIALIZED_AUTOS = YES_AGGRESSIVE;
				GCC_WARN_UNUSED_FUNCTION = YES;
				GCC_WARN_UNUSED_VARIABLE = YES;
				IPHONEOS_DEPLOYMENT_TARGET = 17.2;
				LOCALIZATION_PREFERS_STRING_CATALOGS = YES;
				MTL_ENABLE_DEBUG_INFO = INCLUDE_SOURCE;
				MTL_FAST_MATH = YES;
				ONLY_ACTIVE_ARCH = YES;
				SDKROOT = iphoneos;
				SWIFT_ACTIVE_COMPILATION_CONDITIONS = "DEBUG $(inherited)";
				SWIFT_OPTIMIZATION_LEVEL = "-Onone";
				VERSIONING_SYSTEM = "apple-generic";
				VERSION_INFO_PREFIX = "";
			};
			name = Debug;
		};
		F906D65F2BAA06F6005B5B52 /* Release */ = {
			isa = XCBuildConfiguration;
			buildSettings = {
				ALWAYS_SEARCH_USER_PATHS = NO;
				ASSETCATALOG_COMPILER_GENERATE_SWIFT_ASSET_SYMBOL_EXTENSIONS = YES;
				CLANG_ANALYZER_NONNULL = YES;
				CLANG_ANALYZER_NUMBER_OBJECT_CONVERSION = YES_AGGRESSIVE;
				CLANG_CXX_LANGUAGE_STANDARD = "gnu++20";
				CLANG_ENABLE_MODULES = YES;
				CLANG_ENABLE_OBJC_ARC = YES;
				CLANG_ENABLE_OBJC_WEAK = YES;
				CLANG_WARN_BLOCK_CAPTURE_AUTORELEASING = YES;
				CLANG_WARN_BOOL_CONVERSION = YES;
				CLANG_WARN_COMMA = YES;
				CLANG_WARN_CONSTANT_CONVERSION = YES;
				CLANG_WARN_DEPRECATED_OBJC_IMPLEMENTATIONS = YES;
				CLANG_WARN_DIRECT_OBJC_ISA_USAGE = YES_ERROR;
				CLANG_WARN_DOCUMENTATION_COMMENTS = YES;
				CLANG_WARN_EMPTY_BODY = YES;
				CLANG_WARN_ENUM_CONVERSION = YES;
				CLANG_WARN_INFINITE_RECURSION = YES;
				CLANG_WARN_INT_CONVERSION = YES;
				CLANG_WARN_NON_LITERAL_NULL_CONVERSION = YES;
				CLANG_WARN_OBJC_IMPLICIT_RETAIN_SELF = YES;
				CLANG_WARN_OBJC_LITERAL_CONVERSION = YES;
				CLANG_WARN_OBJC_ROOT_CLASS = YES_ERROR;
				CLANG_WARN_QUOTED_INCLUDE_IN_FRAMEWORK_HEADER = YES;
				CLANG_WARN_RANGE_LOOP_ANALYSIS = YES;
				CLANG_WARN_STRICT_PROTOTYPES = YES;
				CLANG_WARN_SUSPICIOUS_MOVE = YES;
				CLANG_WARN_UNGUARDED_AVAILABILITY = YES_AGGRESSIVE;
				CLANG_WARN_UNREACHABLE_CODE = YES;
				CLANG_WARN__DUPLICATE_METHOD_MATCH = YES;
				COPY_PHASE_STRIP = NO;
				CURRENT_PROJECT_VERSION = 1;
				DEBUG_INFORMATION_FORMAT = "dwarf-with-dsym";
				ENABLE_NS_ASSERTIONS = NO;
				ENABLE_STRICT_OBJC_MSGSEND = YES;
				ENABLE_USER_SCRIPT_SANDBOXING = YES;
				GCC_C_LANGUAGE_STANDARD = gnu17;
				GCC_NO_COMMON_BLOCKS = YES;
				GCC_WARN_64_TO_32_BIT_CONVERSION = YES;
				GCC_WARN_ABOUT_RETURN_TYPE = YES_ERROR;
				GCC_WARN_UNDECLARED_SELECTOR = YES;
				GCC_WARN_UNINITIALIZED_AUTOS = YES_AGGRESSIVE;
				GCC_WARN_UNUSED_FUNCTION = YES;
				GCC_WARN_UNUSED_VARIABLE = YES;
				IPHONEOS_DEPLOYMENT_TARGET = 17.2;
				LOCALIZATION_PREFERS_STRING_CATALOGS = YES;
				MTL_ENABLE_DEBUG_INFO = NO;
				MTL_FAST_MATH = YES;
				SDKROOT = iphoneos;
				SWIFT_COMPILATION_MODE = wholemodule;
				VALIDATE_PRODUCT = YES;
				VERSIONING_SYSTEM = "apple-generic";
				VERSION_INFO_PREFIX = "";
			};
			name = Release;
		};
		F906D6612BAA06F6005B5B52 /* Debug */ = {
			isa = XCBuildConfiguration;
			buildSettings = {
				CODE_SIGN_STYLE = Automatic;
				CURRENT_PROJECT_VERSION = 1;
				DEFINES_MODULE = YES;
				DEVELOPMENT_TEAM = 2V5RBDFH46;
				DYLIB_COMPATIBILITY_VERSION = 1;
				DYLIB_CURRENT_VERSION = 1;
				DYLIB_INSTALL_NAME_BASE = "@rpath";
				ENABLE_MODULE_VERIFIER = YES;
				GENERATE_INFOPLIST_FILE = YES;
				INFOPLIST_KEY_NSHumanReadableCopyright = "";
				INSTALL_PATH = "$(LOCAL_LIBRARY_DIR)/Frameworks";
				LD_RUNPATH_SEARCH_PATHS = (
					"$(inherited)",
					"@executable_path/Frameworks",
					"@loader_path/Frameworks",
				);
				MARKETING_VERSION = 1.0;
				MODULE_VERIFIER_SUPPORTED_LANGUAGES = "objective-c objective-c++";
				MODULE_VERIFIER_SUPPORTED_LANGUAGE_STANDARDS = "gnu17 gnu++20";
				PRODUCT_BUNDLE_IDENTIFIER = PedroMullerApps.PresenterViperMovieDB;
				PRODUCT_NAME = "$(TARGET_NAME:c99extidentifier)";
				SKIP_INSTALL = YES;
				SWIFT_EMIT_LOC_STRINGS = YES;
				SWIFT_VERSION = 5.0;
				TARGETED_DEVICE_FAMILY = "1,2";
			};
			name = Debug;
		};
		F906D6622BAA06F6005B5B52 /* Release */ = {
			isa = XCBuildConfiguration;
			buildSettings = {
				CODE_SIGN_STYLE = Automatic;
				CURRENT_PROJECT_VERSION = 1;
				DEFINES_MODULE = YES;
				DEVELOPMENT_TEAM = 2V5RBDFH46;
				DYLIB_COMPATIBILITY_VERSION = 1;
				DYLIB_CURRENT_VERSION = 1;
				DYLIB_INSTALL_NAME_BASE = "@rpath";
				ENABLE_MODULE_VERIFIER = YES;
				GENERATE_INFOPLIST_FILE = YES;
				INFOPLIST_KEY_NSHumanReadableCopyright = "";
				INSTALL_PATH = "$(LOCAL_LIBRARY_DIR)/Frameworks";
				LD_RUNPATH_SEARCH_PATHS = (
					"$(inherited)",
					"@executable_path/Frameworks",
					"@loader_path/Frameworks",
				);
				MARKETING_VERSION = 1.0;
				MODULE_VERIFIER_SUPPORTED_LANGUAGES = "objective-c objective-c++";
				MODULE_VERIFIER_SUPPORTED_LANGUAGE_STANDARDS = "gnu17 gnu++20";
				PRODUCT_BUNDLE_IDENTIFIER = PedroMullerApps.PresenterViperMovieDB;
				PRODUCT_NAME = "$(TARGET_NAME:c99extidentifier)";
				SKIP_INSTALL = YES;
				SWIFT_EMIT_LOC_STRINGS = YES;
				SWIFT_VERSION = 5.0;
				TARGETED_DEVICE_FAMILY = "1,2";
			};
			name = Release;
		};
		F906D6642BAA06F6005B5B52 /* Debug */ = {
			isa = XCBuildConfiguration;
			buildSettings = {
				CODE_SIGN_STYLE = Automatic;
				CURRENT_PROJECT_VERSION = 1;
				DEVELOPMENT_TEAM = 2V5RBDFH46;
				GENERATE_INFOPLIST_FILE = YES;
				MARKETING_VERSION = 1.0;
				PRODUCT_BUNDLE_IDENTIFIER = PedroMullerApps.PresenterViperMovieDBTests;
				PRODUCT_NAME = "$(TARGET_NAME)";
				SWIFT_EMIT_LOC_STRINGS = NO;
				SWIFT_VERSION = 5.0;
				TARGETED_DEVICE_FAMILY = "1,2";
			};
			name = Debug;
		};
		F906D6652BAA06F6005B5B52 /* Release */ = {
			isa = XCBuildConfiguration;
			buildSettings = {
				CODE_SIGN_STYLE = Automatic;
				CURRENT_PROJECT_VERSION = 1;
				DEVELOPMENT_TEAM = 2V5RBDFH46;
				GENERATE_INFOPLIST_FILE = YES;
				MARKETING_VERSION = 1.0;
				PRODUCT_BUNDLE_IDENTIFIER = PedroMullerApps.PresenterViperMovieDBTests;
				PRODUCT_NAME = "$(TARGET_NAME)";
				SWIFT_EMIT_LOC_STRINGS = NO;
				SWIFT_VERSION = 5.0;
				TARGETED_DEVICE_FAMILY = "1,2";
			};
			name = Release;
		};
/* End XCBuildConfiguration section */

/* Begin XCConfigurationList section */
		F906D6482BAA06F5005B5B52 /* Build configuration list for PBXProject "PresenterViperMovieDB" */ = {
			isa = XCConfigurationList;
			buildConfigurations = (
				F906D65E2BAA06F6005B5B52 /* Debug */,
				F906D65F2BAA06F6005B5B52 /* Release */,
			);
			defaultConfigurationIsVisible = 0;
			defaultConfigurationName = Release;
		};
		F906D6602BAA06F6005B5B52 /* Build configuration list for PBXNativeTarget "PresenterViperMovieDB" */ = {
			isa = XCConfigurationList;
			buildConfigurations = (
				F906D6612BAA06F6005B5B52 /* Debug */,
				F906D6622BAA06F6005B5B52 /* Release */,
			);
			defaultConfigurationIsVisible = 0;
			defaultConfigurationName = Release;
		};
		F906D6632BAA06F6005B5B52 /* Build configuration list for PBXNativeTarget "PresenterViperMovieDBTests" */ = {
			isa = XCConfigurationList;
			buildConfigurations = (
				F906D6642BAA06F6005B5B52 /* Debug */,
				F906D6652BAA06F6005B5B52 /* Release */,
			);
			defaultConfigurationIsVisible = 0;
			defaultConfigurationName = Release;
		};
/* End XCConfigurationList section */
	};
	rootObject = F906D6452BAA06F5005B5B52 /* Project object */;
}
