// !$*UTF8*$!
{
	archiveVersion = 1;
	classes = {
	};
	objectVersion = 56;
	objects = {

/* Begin PBXBuildFile section */
		F906D5FC2BA9FE03005B5B52 /* InteractorModelViperMovieDB.framework in Frameworks */ = {isa = PBXBuildFile; fileRef = F906D5F32BA9FE03005B5B52 /* InteractorModelViperMovieDB.framework */; };
		F906D6012BA9FE03005B5B52 /* InteractorModelViperMovieDBTests.swift in Sources */ = {isa = PBXBuildFile; fileRef = F906D6002BA9FE03005B5B52 /* InteractorModelViperMovieDBTests.swift */; };
		F906D6022BA9FE03005B5B52 /* InteractorModelViperMovieDB.h in Headers */ = {isa = PBXBuildFile; fileRef = F906D5F62BA9FE03005B5B52 /* InteractorModelViperMovieDB.h */; settings = {ATTRIBUTES = (Public, ); }; };
		F906D6102BA9FE6C005B5B52 /* Entity.swift in Sources */ = {isa = PBXBuildFile; fileRef = F906D60F2BA9FE6C005B5B52 /* Entity.swift */; };
		F906D6122BA9FE8C005B5B52 /* MovieEntity.swift in Sources */ = {isa = PBXBuildFile; fileRef = F906D6112BA9FE8C005B5B52 /* MovieEntity.swift */; };
/* End PBXBuildFile section */

/* Begin PBXContainerItemProxy section */
		F906D5FD2BA9FE03005B5B52 /* PBXContainerItemProxy */ = {
			isa = PBXContainerItemProxy;
			containerPortal = F906D5EA2BA9FE03005B5B52 /* Project object */;
			proxyType = 1;
			remoteGlobalIDString = F906D5F22BA9FE03005B5B52;
			remoteInfo = InteractorModelViperMovieDB;
		};
/* End PBXContainerItemProxy section */

/* Begin PBXFileReference section */
		F906D5F32BA9FE03005B5B52 /* InteractorModelViperMovieDB.framework */ = {isa = PBXFileReference; explicitFileType = wrapper.framework; includeInIndex = 0; path = InteractorModelViperMovieDB.framework; sourceTree = BUILT_PRODUCTS_DIR; };
		F906D5F62BA9FE03005B5B52 /* InteractorModelViperMovieDB.h */ = {isa = PBXFileReference; lastKnownFileType = sourcecode.c.h; path = InteractorModelViperMovieDB.h; sourceTree = "<group>"; };
		F906D5FB2BA9FE03005B5B52 /* InteractorModelViperMovieDBTests.xctest */ = {isa = PBXFileReference; explicitFileType = wrapper.cfbundle; includeInIndex = 0; path = InteractorModelViperMovieDBTests.xctest; sourceTree = BUILT_PRODUCTS_DIR; };
		F906D6002BA9FE03005B5B52 /* InteractorModelViperMovieDBTests.swift */ = {isa = PBXFileReference; lastKnownFileType = sourcecode.swift; path = InteractorModelViperMovieDBTests.swift; sourceTree = "<group>"; };
		F906D60F2BA9FE6C005B5B52 /* Entity.swift */ = {isa = PBXFileReference; fileEncoding = 4; lastKnownFileType = sourcecode.swift; path = Entity.swift; sourceTree = "<group>"; };
		F906D6112BA9FE8C005B5B52 /* MovieEntity.swift */ = {isa = PBXFileReference; fileEncoding = 4; lastKnownFileType = sourcecode.swift; path = MovieEntity.swift; sourceTree = "<group>"; };
/* End PBXFileReference section */

/* Begin PBXFrameworksBuildPhase section */
		F906D5F02BA9FE03005B5B52 /* Frameworks */ = {
			isa = PBXFrameworksBuildPhase;
			buildActionMask = 2147483647;
			files = (
			);
			runOnlyForDeploymentPostprocessing = 0;
		};
		F906D5F82BA9FE03005B5B52 /* Frameworks */ = {
			isa = PBXFrameworksBuildPhase;
			buildActionMask = 2147483647;
			files = (
				F906D5FC2BA9FE03005B5B52 /* InteractorModelViperMovieDB.framework in Frameworks */,
			);
			runOnlyForDeploymentPostprocessing = 0;
		};
/* End PBXFrameworksBuildPhase section */

/* Begin PBXGroup section */
		F906D5E92BA9FE03005B5B52 = {
			isa = PBXGroup;
			children = (
				F906D5F52BA9FE03005B5B52 /* InteractorModelViperMovieDB */,
				F906D5FF2BA9FE03005B5B52 /* InteractorModelViperMovieDBTests */,
				F906D5F42BA9FE03005B5B52 /* Products */,
			);
			sourceTree = "<group>";
		};
		F906D5F42BA9FE03005B5B52 /* Products */ = {
			isa = PBXGroup;
			children = (
				F906D5F32BA9FE03005B5B52 /* InteractorModelViperMovieDB.framework */,
				F906D5FB2BA9FE03005B5B52 /* InteractorModelViperMovieDBTests.xctest */,
			);
			name = Products;
			sourceTree = "<group>";
		};
		F906D5F52BA9FE03005B5B52 /* InteractorModelViperMovieDB */ = {
			isa = PBXGroup;
			children = (
				F906D60F2BA9FE6C005B5B52 /* Entity.swift */,
				F906D6112BA9FE8C005B5B52 /* MovieEntity.swift */,
				F906D5F62BA9FE03005B5B52 /* InteractorModelViperMovieDB.h */,
			);
			path = InteractorModelViperMovieDB;
			sourceTree = "<group>";
		};
		F906D5FF2BA9FE03005B5B52 /* InteractorModelViperMovieDBTests */ = {
			isa = PBXGroup;
			children = (
				F906D6002BA9FE03005B5B52 /* InteractorModelViperMovieDBTests.swift */,
			);
			path = InteractorModelViperMovieDBTests;
			sourceTree = "<group>";
		};
/* End PBXGroup section */

/* Begin PBXHeadersBuildPhase section */
		F906D5EE2BA9FE03005B5B52 /* Headers */ = {
			isa = PBXHeadersBuildPhase;
			buildActionMask = 2147483647;
			files = (
				F906D6022BA9FE03005B5B52 /* InteractorModelViperMovieDB.h in Headers */,
			);
			runOnlyForDeploymentPostprocessing = 0;
		};
/* End PBXHeadersBuildPhase section */

/* Begin PBXNativeTarget section */
		F906D5F22BA9FE03005B5B52 /* InteractorModelViperMovieDB */ = {
			isa = PBXNativeTarget;
			buildConfigurationList = F906D6052BA9FE03005B5B52 /* Build configuration list for PBXNativeTarget "InteractorModelViperMovieDB" */;
			buildPhases = (
				F906D5EE2BA9FE03005B5B52 /* Headers */,
				F906D5EF2BA9FE03005B5B52 /* Sources */,
				F906D5F02BA9FE03005B5B52 /* Frameworks */,
				F906D5F12BA9FE03005B5B52 /* Resources */,
			);
			buildRules = (
			);
			dependencies = (
			);
			name = InteractorModelViperMovieDB;
			productName = InteractorModelViperMovieDB;
			productReference = F906D5F32BA9FE03005B5B52 /* InteractorModelViperMovieDB.framework */;
			productType = "com.apple.product-type.framework";
		};
		F906D5FA2BA9FE03005B5B52 /* InteractorModelViperMovieDBTests */ = {
			isa = PBXNativeTarget;
			buildConfigurationList = F906D6082BA9FE03005B5B52 /* Build configuration list for PBXNativeTarget "InteractorModelViperMovieDBTests" */;
			buildPhases = (
				F906D5F72BA9FE03005B5B52 /* Sources */,
				F906D5F82BA9FE03005B5B52 /* Frameworks */,
				F906D5F92BA9FE03005B5B52 /* Resources */,
			);
			buildRules = (
			);
			dependencies = (
				F906D5FE2BA9FE03005B5B52 /* PBXTargetDependency */,
			);
			name = InteractorModelViperMovieDBTests;
			productName = InteractorModelViperMovieDBTests;
			productReference = F906D5FB2BA9FE03005B5B52 /* InteractorModelViperMovieDBTests.xctest */;
			productType = "com.apple.product-type.bundle.unit-test";
		};
/* End PBXNativeTarget section */

/* Begin PBXProject section */
		F906D5EA2BA9FE03005B5B52 /* Project object */ = {
			isa = PBXProject;
			attributes = {
				BuildIndependentTargetsInParallel = 1;
				LastSwiftUpdateCheck = 1510;
				LastUpgradeCheck = 1510;
				TargetAttributes = {
					F906D5F22BA9FE03005B5B52 = {
						CreatedOnToolsVersion = 15.1;
						LastSwiftMigration = 1510;
					};
					F906D5FA2BA9FE03005B5B52 = {
						CreatedOnToolsVersion = 15.1;
					};
				};
			};
			buildConfigurationList = F906D5ED2BA9FE03005B5B52 /* Build configuration list for PBXProject "InteractorModelViperMovieDB" */;
			compatibilityVersion = "Xcode 14.0";
			developmentRegion = en;
			hasScannedForEncodings = 0;
			knownRegions = (
				en,
				Base,
			);
			mainGroup = F906D5E92BA9FE03005B5B52;
			productRefGroup = F906D5F42BA9FE03005B5B52 /* Products */;
			projectDirPath = "";
			projectRoot = "";
			targets = (
				F906D5F22BA9FE03005B5B52 /* InteractorModelViperMovieDB */,
				F906D5FA2BA9FE03005B5B52 /* InteractorModelViperMovieDBTests */,
			);
		};
/* End PBXProject section */

/* Begin PBXResourcesBuildPhase section */
		F906D5F12BA9FE03005B5B52 /* Resources */ = {
			isa = PBXResourcesBuildPhase;
			buildActionMask = 2147483647;
			files = (
			);
			runOnlyForDeploymentPostprocessing = 0;
		};
		F906D5F92BA9FE03005B5B52 /* Resources */ = {
			isa = PBXResourcesBuildPhase;
			buildActionMask = 2147483647;
			files = (
			);
			runOnlyForDeploymentPostprocessing = 0;
		};
/* End PBXResourcesBuildPhase section */

/* Begin PBXSourcesBuildPhase section */
		F906D5EF2BA9FE03005B5B52 /* Sources */ = {
			isa = PBXSourcesBuildPhase;
			buildActionMask = 2147483647;
			files = (
				F906D6102BA9FE6C005B5B52 /* Entity.swift in Sources */,
				F906D6122BA9FE8C005B5B52 /* MovieEntity.swift in Sources */,
			);
			runOnlyForDeploymentPostprocessing = 0;
		};
		F906D5F72BA9FE03005B5B52 /* Sources */ = {
			isa = PBXSourcesBuildPhase;
			buildActionMask = 2147483647;
			files = (
				F906D6012BA9FE03005B5B52 /* InteractorModelViperMovieDBTests.swift in Sources */,
			);
			runOnlyForDeploymentPostprocessing = 0;
		};
/* End PBXSourcesBuildPhase section */

/* Begin PBXTargetDependency section */
		F906D5FE2BA9FE03005B5B52 /* PBXTargetDependency */ = {
			isa = PBXTargetDependency;
			target = F906D5F22BA9FE03005B5B52 /* InteractorModelViperMovieDB */;
			targetProxy = F906D5FD2BA9FE03005B5B52 /* PBXContainerItemProxy */;
		};
/* End PBXTargetDependency section */

/* Begin XCBuildConfiguration section */
		F906D6032BA9FE03005B5B52 /* Debug */ = {
			isa = XCBuildConfiguration;
			buildSettings = {
				ALWAYS_SEARCH_USER_PATHS = NO;
				ASSETCATALOG_COMPILER_GENERATE_SWIFT_ASSET_SYMBOL_EXTENSIONS = YES;
				CLANG_ANALYZER_NONNULL = YES;
				CLANG_ANALYZER_NUMBER_OBJECT_CONVERSION = YES_AGGRESSIVE;
				CLANG_CXX_LANGUAGE_STANDARD = "gnu++20";
				CLANG_ENABLE_MODULES = YES;
				CLANG_ENABLE_OBJC_ARC = YES;
				CLANG_ENABLE_OBJC_WEAK = YES;
				CLANG_WARN_BLOCK_CAPTURE_AUTORELEASING = YES;
				CLANG_WARN_BOOL_CONVERSION = YES;
				CLANG_WARN_COMMA = YES;
				CLANG_WARN_CONSTANT_CONVERSION = YES;
				CLANG_WARN_DEPRECATED_OBJC_IMPLEMENTATIONS = YES;
				CLANG_WARN_DIRECT_OBJC_ISA_USAGE = YES_ERROR;
				CLANG_WARN_DOCUMENTATION_COMMENTS = YES;
				CLANG_WARN_EMPTY_BODY = YES;
				CLANG_WARN_ENUM_CONVERSION = YES;
				CLANG_WARN_INFINITE_RECURSION = YES;
				CLANG_WARN_INT_CONVERSION = YES;
				CLANG_WARN_NON_LITERAL_NULL_CONVERSION = YES;
				CLANG_WARN_OBJC_IMPLICIT_RETAIN_SELF = YES;
				CLANG_WARN_OBJC_LITERAL_CONVERSION = YES;
				CLANG_WARN_OBJC_ROOT_CLASS = YES_ERROR;
				CLANG_WARN_QUOTED_INCLUDE_IN_FRAMEWORK_HEADER = YES;
				CLANG_WARN_RANGE_LOOP_ANALYSIS = YES;
				CLANG_WARN_STRICT_PROTOTYPES = YES;
				CLANG_WARN_SUSPICIOUS_MOVE = YES;
				CLANG_WARN_UNGUARDED_AVAILABILITY = YES_AGGRESSIVE;
				CLANG_WARN_UNREACHABLE_CODE = YES;
				CLANG_WARN__DUPLICATE_METHOD_MATCH = YES;
				COPY_PHASE_STRIP = NO;
				CURRENT_PROJECT_VERSION = 1;
				DEBUG_INFORMATION_FORMAT = dwarf;
				ENABLE_STRICT_OBJC_MSGSEND = YES;
				ENABLE_TESTABILITY = YES;
				ENABLE_USER_SCRIPT_SANDBOXING = YES;
				GCC_C_LANGUAGE_STANDARD = gnu17;
				GCC_DYNAMIC_NO_PIC = NO;
				GCC_NO_COMMON_BLOCKS = YES;
				GCC_OPTIMIZATION_LEVEL = 0;
				GCC_PREPROCESSOR_DEFINITIONS = (
					"DEBUG=1",
					"$(inherited)",
				);
				GCC_WARN_64_TO_32_BIT_CONVERSION = YES;
				GCC_WARN_ABOUT_RETURN_TYPE = YES_ERROR;
				GCC_WARN_UNDECLARED_SELECTOR = YES;
				GCC_WARN_UNINITIALIZED_AUTOS = YES_AGGRESSIVE;
				GCC_WARN_UNUSED_FUNCTION = YES;
				GCC_WARN_UNUSED_VARIABLE = YES;
				IPHONEOS_DEPLOYMENT_TARGET = 17.2;
				LOCALIZATION_PREFERS_STRING_CATALOGS = YES;
				MTL_ENABLE_DEBUG_INFO = INCLUDE_SOURCE;
				MTL_FAST_MATH = YES;
				ONLY_ACTIVE_ARCH = YES;
				SDKROOT = iphoneos;
				SWIFT_ACTIVE_COMPILATION_CONDITIONS = "DEBUG $(inherited)";
				SWIFT_OPTIMIZATION_LEVEL = "-Onone";
				VERSIONING_SYSTEM = "apple-generic";
				VERSION_INFO_PREFIX = "";
			};
			name = Debug;
		};
		F906D6042BA9FE03005B5B52 /* Release */ = {
			isa = XCBuildConfiguration;
			buildSettings = {
				ALWAYS_SEARCH_USER_PATHS = NO;
				ASSETCATALOG_COMPILER_GENERATE_SWIFT_ASSET_SYMBOL_EXTENSIONS = YES;
				CLANG_ANALYZER_NONNULL = YES;
				CLANG_ANALYZER_NUMBER_OBJECT_CONVERSION = YES_AGGRESSIVE;
				CLANG_CXX_LANGUAGE_STANDARD = "gnu++20";
				CLANG_ENABLE_MODULES = YES;
				CLANG_ENABLE_OBJC_ARC = YES;
				CLANG_ENABLE_OBJC_WEAK = YES;
				CLANG_WARN_BLOCK_CAPTURE_AUTORELEASING = YES;
				CLANG_WARN_BOOL_CONVERSION = YES;
				CLANG_WARN_COMMA = YES;
				CLANG_WARN_CONSTANT_CONVERSION = YES;
				CLANG_WARN_DEPRECATED_OBJC_IMPLEMENTATIONS = YES;
				CLANG_WARN_DIRECT_OBJC_ISA_USAGE = YES_ERROR;
				CLANG_WARN_DOCUMENTATION_COMMENTS = YES;
				CLANG_WARN_EMPTY_BODY = YES;
				CLANG_WARN_ENUM_CONVERSION = YES;
				CLANG_WARN_INFINITE_RECURSION = YES;
				CLANG_WARN_INT_CONVERSION = YES;
				CLANG_WARN_NON_LITERAL_NULL_CONVERSION = YES;
				CLANG_WARN_OBJC_IMPLICIT_RETAIN_SELF = YES;
				CLANG_WARN_OBJC_LITERAL_CONVERSION = YES;
				CLANG_WARN_OBJC_ROOT_CLASS = YES_ERROR;
				CLANG_WARN_QUOTED_INCLUDE_IN_FRAMEWORK_HEADER = YES;
				CLANG_WARN_RANGE_LOOP_ANALYSIS = YES;
				CLANG_WARN_STRICT_PROTOTYPES = YES;
				CLANG_WARN_SUSPICIOUS_MOVE = YES;
				CLANG_WARN_UNGUARDED_AVAILABILITY = YES_AGGRESSIVE;
				CLANG_WARN_UNREACHABLE_CODE = YES;
				CLANG_WARN__DUPLICATE_METHOD_MATCH = YES;
				COPY_PHASE_STRIP = NO;
				CURRENT_PROJECT_VERSION = 1;
				DEBUG_INFORMATION_FORMAT = "dwarf-with-dsym";
				ENABLE_NS_ASSERTIONS = NO;
				ENABLE_STRICT_OBJC_MSGSEND = YES;
				ENABLE_USER_SCRIPT_SANDBOXING = YES;
				GCC_C_LANGUAGE_STANDARD = gnu17;
				GCC_NO_COMMON_BLOCKS = YES;
				GCC_WARN_64_TO_32_BIT_CONVERSION = YES;
				GCC_WARN_ABOUT_RETURN_TYPE = YES_ERROR;
				GCC_WARN_UNDECLARED_SELECTOR = YES;
				GCC_WARN_UNINITIALIZED_AUTOS = YES_AGGRESSIVE;
				GCC_WARN_UNUSED_FUNCTION = YES;
				GCC_WARN_UNUSED_VARIABLE = YES;
				IPHONEOS_DEPLOYMENT_TARGET = 17.2;
				LOCALIZATION_PREFERS_STRING_CATALOGS = YES;
				MTL_ENABLE_DEBUG_INFO = NO;
				MTL_FAST_MATH = YES;
				SDKROOT = iphoneos;
				SWIFT_COMPILATION_MODE = wholemodule;
				VALIDATE_PRODUCT = YES;
				VERSIONING_SYSTEM = "apple-generic";
				VERSION_INFO_PREFIX = "";
			};
			name = Release;
		};
		F906D6062BA9FE03005B5B52 /* Debug */ = {
			isa = XCBuildConfiguration;
			buildSettings = {
				CLANG_ENABLE_MODULES = YES;
				CODE_SIGN_STYLE = Automatic;
				CURRENT_PROJECT_VERSION = 1;
				DEFINES_MODULE = YES;
				DEVELOPMENT_TEAM = 73DNAYF2TM;
				DYLIB_COMPATIBILITY_VERSION = 1;
				DYLIB_CURRENT_VERSION = 1;
				DYLIB_INSTALL_NAME_BASE = "@rpath";
				ENABLE_MODULE_VERIFIER = YES;
				GENERATE_INFOPLIST_FILE = YES;
				INFOPLIST_KEY_NSHumanReadableCopyright = "";
				INSTALL_PATH = "$(LOCAL_LIBRARY_DIR)/Frameworks";
				IPHONEOS_DEPLOYMENT_TARGET = 14.0;
				LD_RUNPATH_SEARCH_PATHS = (
					"$(inherited)",
					"@executable_path/Frameworks",
					"@loader_path/Frameworks",
				);
				MARKETING_VERSION = 1.0;
				MODULE_VERIFIER_SUPPORTED_LANGUAGES = "objective-c objective-c++";
				MODULE_VERIFIER_SUPPORTED_LANGUAGE_STANDARDS = "gnu17 gnu++20";
				PRODUCT_BUNDLE_IDENTIFIER = PedroMullerApps.InteractorModelViperMovieDB;
				PRODUCT_NAME = "$(TARGET_NAME:c99extidentifier)";
				SKIP_INSTALL = YES;
				SWIFT_EMIT_LOC_STRINGS = YES;
				SWIFT_OPTIMIZATION_LEVEL = "-Onone";
				SWIFT_VERSION = 5.0;
				TARGETED_DEVICE_FAMILY = "1,2";
			};
			name = Debug;
		};
		F906D6072BA9FE03005B5B52 /* Release */ = {
			isa = XCBuildConfiguration;
			buildSettings = {
				CLANG_ENABLE_MODULES = YES;
				CODE_SIGN_STYLE = Automatic;
				CURRENT_PROJECT_VERSION = 1;
				DEFINES_MODULE = YES;
				DEVELOPMENT_TEAM = 73DNAYF2TM;
				DYLIB_COMPATIBILITY_VERSION = 1;
				DYLIB_CURRENT_VERSION = 1;
				DYLIB_INSTALL_NAME_BASE = "@rpath";
				ENABLE_MODULE_VERIFIER = YES;
				GENERATE_INFOPLIST_FILE = YES;
				INFOPLIST_KEY_NSHumanReadableCopyright = "";
				INSTALL_PATH = "$(LOCAL_LIBRARY_DIR)/Frameworks";
				IPHONEOS_DEPLOYMENT_TARGET = 14.0;
				LD_RUNPATH_SEARCH_PATHS = (
					"$(inherited)",
					"@executable_path/Frameworks",
					"@loader_path/Frameworks",
				);
				MARKETING_VERSION = 1.0;
				MODULE_VERIFIER_SUPPORTED_LANGUAGES = "objective-c objective-c++";
				MODULE_VERIFIER_SUPPORTED_LANGUAGE_STANDARDS = "gnu17 gnu++20";
				PRODUCT_BUNDLE_IDENTIFIER = PedroMullerApps.InteractorModelViperMovieDB;
				PRODUCT_NAME = "$(TARGET_NAME:c99extidentifier)";
				SKIP_INSTALL = YES;
				SWIFT_EMIT_LOC_STRINGS = YES;
				SWIFT_VERSION = 5.0;
				TARGETED_DEVICE_FAMILY = "1,2";
			};
			name = Release;
		};
		F906D6092BA9FE03005B5B52 /* Debug */ = {
			isa = XCBuildConfiguration;
			buildSettings = {
				ALWAYS_EMBED_SWIFT_STANDARD_LIBRARIES = YES;
				CODE_SIGN_STYLE = Automatic;
				CURRENT_PROJECT_VERSION = 1;
				DEVELOPMENT_TEAM = 2V5RBDFH46;
				GENERATE_INFOPLIST_FILE = YES;
				MARKETING_VERSION = 1.0;
				PRODUCT_BUNDLE_IDENTIFIER = PedroMullerApps.InteractorModelViperMovieDBTests;
				PRODUCT_NAME = "$(TARGET_NAME)";
				SWIFT_EMIT_LOC_STRINGS = NO;
				SWIFT_VERSION = 5.0;
				TARGETED_DEVICE_FAMILY = "1,2";
			};
			name = Debug;
		};
		F906D60A2BA9FE03005B5B52 /* Release */ = {
			isa = XCBuildConfiguration;
			buildSettings = {
				ALWAYS_EMBED_SWIFT_STANDARD_LIBRARIES = YES;
				CODE_SIGN_STYLE = Automatic;
				CURRENT_PROJECT_VERSION = 1;
				DEVELOPMENT_TEAM = 2V5RBDFH46;
				GENERATE_INFOPLIST_FILE = YES;
				MARKETING_VERSION = 1.0;
				PRODUCT_BUNDLE_IDENTIFIER = PedroMullerApps.InteractorModelViperMovieDBTests;
				PRODUCT_NAME = "$(TARGET_NAME)";
				SWIFT_EMIT_LOC_STRINGS = NO;
				SWIFT_VERSION = 5.0;
				TARGETED_DEVICE_FAMILY = "1,2";
			};
			name = Release;
		};
/* End XCBuildConfiguration section */

/* Begin XCConfigurationList section */
		F906D5ED2BA9FE03005B5B52 /* Build configuration list for PBXProject "InteractorModelViperMovieDB" */ = {
			isa = XCConfigurationList;
			buildConfigurations = (
				F906D6032BA9FE03005B5B52 /* Debug */,
				F906D6042BA9FE03005B5B52 /* Release */,
			);
			defaultConfigurationIsVisible = 0;
			defaultConfigurationName = Release;
		};
		F906D6052BA9FE03005B5B52 /* Build configuration list for PBXNativeTarget "InteractorModelViperMovieDB" */ = {
			isa = XCConfigurationList;
			buildConfigurations = (
				F906D6062BA9FE03005B5B52 /* Debug */,
				F906D6072BA9FE03005B5B52 /* Release */,
			);
			defaultConfigurationIsVisible = 0;
			defaultConfigurationName = Release;
		};
		F906D6082BA9FE03005B5B52 /* Build configuration list for PBXNativeTarget "InteractorModelViperMovieDBTests" */ = {
			isa = XCConfigurationList;
			buildConfigurations = (
				F906D6092BA9FE03005B5B52 /* Debug */,
				F906D60A2BA9FE03005B5B52 /* Release */,
			);
			defaultConfigurationIsVisible = 0;
			defaultConfigurationName = Release;
		};
/* End XCConfigurationList section */
	};
	rootObject = F906D5EA2BA9FE03005B5B52 /* Project object */;
}
